
Microsoft Visual Studio Solution File, Format Version 12.00
# Visual Studio Version 17
VisualStudioVersion = 17.10.35013.160
MinimumVisualStudioVersion = 10.0.40219.1
Project("{FAE04EC0-301F-11D3-BF4B-00C04F79EFBC}") = "AistNewProject", "AistNewProject\AistNewProject.csproj", "{75FCA2EF-4E69-4B0D-A7C3-5777F18E9211}"
EndProject
Global
	GlobalSection(SolutionConfigurationPlatforms) = preSolution
		Debug|Any CPU = Debug|Any CPU
		Release|Any CPU = Release|Any CPU
	EndGlobalSection
	GlobalSection(ProjectConfigurationPlatforms) = postSolution
		{75FCA2EF-4E69-4B0D-A7C3-5777F18E9211}.Debug|Any CPU.ActiveCfg = Debug|Any CPU
		{75FCA2EF-4E69-4B0D-A7C3-5777F18E9211}.Debug|Any CPU.Build.0 = Debug|Any CPU
		{75FCA2EF-4E69-4B0D-A7C3-5777F18E9211}.Release|Any CPU.ActiveCfg = Release|Any CPU
		{75FCA2EF-4E69-4B0D-A7C3-5777F18E9211}.Release|Any CPU.Build.0 = Release|Any CPU
	EndGlobalSection
	GlobalSection(SolutionProperties) = preSolution
		HideSolutionNode = FALSE
	EndGlobalSection
	GlobalSection(ExtensibilityGlobals) = postSolution
		SolutionGuid = {4C2E5207-E0EE-494D-BE44-30E5ED6AB9A0}
	EndGlobalSection
EndGlobal
